
Microsoft Visual Studio Solution File, Format Version 12.00
# Visual Studio Version 16
VisualStudioVersion = 16.0.31205.134
MinimumVisualStudioVersion = 10.0.40219.1
Project("{FAE04EC0-301F-11D3-BF4B-00C04F79EFBC}") = "COKPOProject", "COKPOProject\COKPOProject.csproj", "{2B862505-ECBB-4D3F-91E0-2122A42FD830}"
EndProject
Project("{FAE04EC0-301F-11D3-BF4B-00C04F79EFBC}") = "COKPOProjectLogic", "COKPOProjectLogic\COKPOProjectLogic.csproj", "{AB2CBF8E-CAE2-4067-BF10-AC0EBDDFF525}"
EndProject
Project("{FAE04EC0-301F-11D3-BF4B-00C04F79EFBC}") = "COKPOProjectTests", "COKPOProjectTests\COKPOProjectTests.csproj", "{020308CB-63FD-412D-84B7-838BE3DAD27D}"
EndProject
Global
	GlobalSection(SolutionConfigurationPlatforms) = preSolution
		Debug|Any CPU = Debug|Any CPU
		Release|Any CPU = Release|Any CPU
	EndGlobalSection
	GlobalSection(ProjectConfigurationPlatforms) = postSolution
		{2B862505-ECBB-4D3F-91E0-2122A42FD830}.Debug|Any CPU.ActiveCfg = Debug|Any CPU
		{2B862505-ECBB-4D3F-91E0-2122A42FD830}.Debug|Any CPU.Build.0 = Debug|Any CPU
		{2B862505-ECBB-4D3F-91E0-2122A42FD830}.Release|Any CPU.ActiveCfg = Release|Any CPU
		{2B862505-ECBB-4D3F-91E0-2122A42FD830}.Release|Any CPU.Build.0 = Release|Any CPU
		{AB2CBF8E-CAE2-4067-BF10-AC0EBDDFF525}.Debug|Any CPU.ActiveCfg = Debug|Any CPU
		{AB2CBF8E-CAE2-4067-BF10-AC0EBDDFF525}.Debug|Any CPU.Build.0 = Debug|Any CPU
		{AB2CBF8E-CAE2-4067-BF10-AC0EBDDFF525}.Release|Any CPU.ActiveCfg = Release|Any CPU
		{AB2CBF8E-CAE2-4067-BF10-AC0EBDDFF525}.Release|Any CPU.Build.0 = Release|Any CPU
		{020308CB-63FD-412D-84B7-838BE3DAD27D}.Debug|Any CPU.ActiveCfg = Debug|Any CPU
		{020308CB-63FD-412D-84B7-838BE3DAD27D}.Debug|Any CPU.Build.0 = Debug|Any CPU
		{020308CB-63FD-412D-84B7-838BE3DAD27D}.Release|Any CPU.ActiveCfg = Release|Any CPU
		{020308CB-63FD-412D-84B7-838BE3DAD27D}.Release|Any CPU.Build.0 = Release|Any CPU
	EndGlobalSection
	GlobalSection(SolutionProperties) = preSolution
		HideSolutionNode = FALSE
	EndGlobalSection
	GlobalSection(ExtensibilityGlobals) = postSolution
		SolutionGuid = {2EE9C14B-E559-4D30-9A6C-F0E0DB30FE84}
	EndGlobalSection
EndGlobal
